GEM
  remote: https://rubygems.org/
  specs:
    bigdecimal (4.0.1)
    csv (3.3.5)
    dnsimple (11.0.0)
      httparty
    httparty (0.24.0)
      csv
      mini_mime (>= 1.0.0)
      multi_xml (>= 0.5.2)
    mini_mime (1.1.5)
    multi_xml (0.8.1)
      bigdecimal (>= 3.1, < 5)

PLATFORMS
  arm64-darwin-23
  ruby

DEPENDENCIES
  dnsimple (~> 11.0)

BUNDLED WITH
   2.5.6
